// !$*UTF8*$!
{
	archiveVersion = 1;
	classes = {
	};
	objectVersion = 56;
	objects = {

/* Begin PBXBuildFile section */
		6E5F313A2ABC3D61006CA169 /* OldAddNotificationView.swift in Sources */ = {isa = PBXBuildFile; fileRef = 6E5F31392ABC3D61006CA169 /* OldAddNotificationView.swift */; };
		6E5F313E2ABC48DA006CA169 /* Notification.swift in Sources */ = {isa = PBXBuildFile; fileRef = 6E5F313D2ABC48DA006CA169 /* Notification.swift */; };
		6E71978E2AB820B300DFB39F /* Notification_CenterApp.swift in Sources */ = {isa = PBXBuildFile; fileRef = 6E71978D2AB820B300DFB39F /* Notification_CenterApp.swift */; };
		6E7197902AB820B300DFB39F /* ContentView.swift in Sources */ = {isa = PBXBuildFile; fileRef = 6E71978F2AB820B300DFB39F /* ContentView.swift */; };
		6E7197922AB820B400DFB39F /* Assets.xcassets in Resources */ = {isa = PBXBuildFile; fileRef = 6E7197912AB820B400DFB39F /* Assets.xcassets */; };
		6E7197952AB820B400DFB39F /* Preview Assets.xcassets in Resources */ = {isa = PBXBuildFile; fileRef = 6E7197942AB820B400DFB39F /* Preview Assets.xcassets */; };
		6E71979C2AB821E600DFB39F /* loginView.swift in Sources */ = {isa = PBXBuildFile; fileRef = 6E71979B2AB821E600DFB39F /* loginView.swift */; };
		6E71979E2AB9AA9E00DFB39F /* GoogleService-Info.plist in Resources */ = {isa = PBXBuildFile; fileRef = 6E71979D2AB9AA9E00DFB39F /* GoogleService-Info.plist */; };
		6E7197A12AB9AB5400DFB39F /* FirebaseAppCheck in Frameworks */ = {isa = PBXBuildFile; productRef = 6E7197A02AB9AB5400DFB39F /* FirebaseAppCheck */; };
		6E7197A32AB9AB5400DFB39F /* FirebaseAuth in Frameworks */ = {isa = PBXBuildFile; productRef = 6E7197A22AB9AB5400DFB39F /* FirebaseAuth */; };
		6E7197A52AB9AB5400DFB39F /* FirebaseDatabase in Frameworks */ = {isa = PBXBuildFile; productRef = 6E7197A42AB9AB5400DFB39F /* FirebaseDatabase */; };
		6E7197A72AB9AB5400DFB39F /* FirebaseDatabaseSwift in Frameworks */ = {isa = PBXBuildFile; productRef = 6E7197A62AB9AB5400DFB39F /* FirebaseDatabaseSwift */; };
		6E7197A92AB9AB5400DFB39F /* FirebaseFirestore in Frameworks */ = {isa = PBXBuildFile; productRef = 6E7197A82AB9AB5400DFB39F /* FirebaseFirestore */; };
		6E7197AB2AB9AB5400DFB39F /* FirebaseFirestoreSwift in Frameworks */ = {isa = PBXBuildFile; productRef = 6E7197AA2AB9AB5400DFB39F /* FirebaseFirestoreSwift */; };
		6E7197AD2AB9AB5400DFB39F /* FirebaseFunctions in Frameworks */ = {isa = PBXBuildFile; productRef = 6E7197AC2AB9AB5400DFB39F /* FirebaseFunctions */; };
		6E7197AF2AB9AB5400DFB39F /* FirebaseMessaging in Frameworks */ = {isa = PBXBuildFile; productRef = 6E7197AE2AB9AB5400DFB39F /* FirebaseMessaging */; };
		6E7197B12AB9AB5400DFB39F /* FirebaseStorage in Frameworks */ = {isa = PBXBuildFile; productRef = 6E7197B02AB9AB5400DFB39F /* FirebaseStorage */; };
		6E7197B52AB9AD5900DFB39F /* registerView.swift in Sources */ = {isa = PBXBuildFile; fileRef = 6E7197B42AB9AD5900DFB39F /* registerView.swift */; };
		6E92A6F22ACECA45009C6370 /* WidgetKit.framework in Frameworks */ = {isa = PBXBuildFile; fileRef = 6E92A6F12ACECA45009C6370 /* WidgetKit.framework */; };
		6E92A6F42ACECA45009C6370 /* SwiftUI.framework in Frameworks */ = {isa = PBXBuildFile; fileRef = 6E92A6F32ACECA45009C6370 /* SwiftUI.framework */; };
		6E92A6F72ACECA45009C6370 /* NotificationWidgetBundle.swift in Sources */ = {isa = PBXBuildFile; fileRef = 6E92A6F62ACECA45009C6370 /* NotificationWidgetBundle.swift */; };
		6E92A6F92ACECA45009C6370 /* NotificationWidgetLiveActivity.swift in Sources */ = {isa = PBXBuildFile; fileRef = 6E92A6F82ACECA45009C6370 /* NotificationWidgetLiveActivity.swift */; };
		6E92A6FB2ACECA45009C6370 /* NotificationWidget.swift in Sources */ = {isa = PBXBuildFile; fileRef = 6E92A6FA2ACECA45009C6370 /* NotificationWidget.swift */; };
		6E92A6FE2ACECA46009C6370 /* Assets.xcassets in Resources */ = {isa = PBXBuildFile; fileRef = 6E92A6FD2ACECA46009C6370 /* Assets.xcassets */; };
		6E92A7002ACECA46009C6370 /* NotificationWidget.intentdefinition in Sources */ = {isa = PBXBuildFile; fileRef = 6E92A6FC2ACECA45009C6370 /* NotificationWidget.intentdefinition */; };
		6E92A7012ACECA46009C6370 /* NotificationWidget.intentdefinition in Sources */ = {isa = PBXBuildFile; fileRef = 6E92A6FC2ACECA45009C6370 /* NotificationWidget.intentdefinition */; };
		6E92A7042ACECA46009C6370 /* NotificationWidgetExtension.appex in Embed Foundation Extensions */ = {isa = PBXBuildFile; fileRef = 6E92A6EF2ACECA45009C6370 /* NotificationWidgetExtension.appex */; settings = {ATTRIBUTES = (RemoveHeadersOnCopy, ); }; };
		6E92A70C2AD06CDE009C6370 /* ShowReminderView.swift in Sources */ = {isa = PBXBuildFile; fileRef = 6E92A70B2AD06CDE009C6370 /* ShowReminderView.swift */; };
		6E92A70F2AD06E13009C6370 /* LocalSaveReminders.swift in Sources */ = {isa = PBXBuildFile; fileRef = 6E92A70E2AD06E13009C6370 /* LocalSaveReminders.swift */; };
		6E92A7112AD07C28009C6370 /* AddReminderView.swift in Sources */ = {isa = PBXBuildFile; fileRef = 6E92A7102AD07C28009C6370 /* AddReminderView.swift */; };
		6E92A7142AD2B74D009C6370 /* HomeView.swift in Sources */ = {isa = PBXBuildFile; fileRef = 6E92A7132AD2B74D009C6370 /* HomeView.swift */; };
		6E92A7162AD3E3A4009C6370 /* ShowNotificationView.swift in Sources */ = {isa = PBXBuildFile; fileRef = 6E92A7152AD3E3A4009C6370 /* ShowNotificationView.swift */; };
		6E92A7192AD69025009C6370 /* CircleTimerView.swift in Sources */ = {isa = PBXBuildFile; fileRef = 6E92A7182AD69025009C6370 /* CircleTimerView.swift */; };
		6E92A71B2AD69B85009C6370 /* ChoseNotificationView.swift in Sources */ = {isa = PBXBuildFile; fileRef = 6E92A71A2AD69B85009C6370 /* ChoseNotificationView.swift */; };
		6E92A71E2ADADE7B009C6370 /* emailTextFieldViewModifier.swift in Sources */ = {isa = PBXBuildFile; fileRef = 6E92A71D2ADADE7B009C6370 /* emailTextFieldViewModifier.swift */; };
		6E92A7202ADC0F35009C6370 /* customButtonViewModifier.swift in Sources */ = {isa = PBXBuildFile; fileRef = 6E92A71F2ADC0F35009C6370 /* customButtonViewModifier.swift */; };
		6E92A7242ADC7E70009C6370 /* NotificationBasedOnTimeView.swift in Sources */ = {isa = PBXBuildFile; fileRef = 6E92A7232ADC7E70009C6370 /* NotificationBasedOnTimeView.swift */; };
		6E92A7262ADC7E87009C6370 /* NotificationBasedOnDateView.swift in Sources */ = {isa = PBXBuildFile; fileRef = 6E92A7252ADC7E87009C6370 /* NotificationBasedOnDateView.swift */; };
		6E92A7282ADC7E9C009C6370 /* NotificationBasedOnLocationView.swift in Sources */ = {isa = PBXBuildFile; fileRef = 6E92A7272ADC7E9C009C6370 /* NotificationBasedOnLocationView.swift */; };
		6E92A72A2ADD24E5009C6370 /* NotificationManager.swift in Sources */ = {isa = PBXBuildFile; fileRef = 6E92A7292ADD24E5009C6370 /* NotificationManager.swift */; };
		6EB4767D2AE430390034007C /* LocalSaveNotifications.swift in Sources */ = {isa = PBXBuildFile; fileRef = 6EB4767C2AE430390034007C /* LocalSaveNotifications.swift */; };
/* End PBXBuildFile section */

/* Begin PBXContainerItemProxy section */
		6E92A7022ACECA46009C6370 /* PBXContainerItemProxy */ = {
			isa = PBXContainerItemProxy;
			containerPortal = 6E7197822AB820B300DFB39F /* Project object */;
			proxyType = 1;
			remoteGlobalIDString = 6E92A6EE2ACECA45009C6370;
			remoteInfo = NotificationWidgetExtension;
		};
/* End PBXContainerItemProxy section */

/* Begin PBXCopyFilesBuildPhase section */
		6E92A7082ACECA46009C6370 /* Embed Foundation Extensions */ = {
			isa = PBXCopyFilesBuildPhase;
			buildActionMask = 2147483647;
			dstPath = "";
			dstSubfolderSpec = 13;
			files = (
				6E92A7042ACECA46009C6370 /* NotificationWidgetExtension.appex in Embed Foundation Extensions */,
			);
			name = "Embed Foundation Extensions";
			runOnlyForDeploymentPostprocessing = 0;
		};
/* End PBXCopyFilesBuildPhase section */

/* Begin PBXFileReference section */
		6E5F31392ABC3D61006CA169 /* OldAddNotificationView.swift */ = {isa = PBXFileReference; lastKnownFileType = sourcecode.swift; path = OldAddNotificationView.swift; sourceTree = "<group>"; };
		6E5F313D2ABC48DA006CA169 /* Notification.swift */ = {isa = PBXFileReference; lastKnownFileType = sourcecode.swift; path = Notification.swift; sourceTree = "<group>"; };
		6E71978A2AB820B300DFB39F /* Notification Center.app */ = {isa = PBXFileReference; explicitFileType = wrapper.application; includeInIndex = 0; path = "Notification Center.app"; sourceTree = BUILT_PRODUCTS_DIR; };
		6E71978D2AB820B300DFB39F /* Notification_CenterApp.swift */ = {isa = PBXFileReference; lastKnownFileType = sourcecode.swift; path = Notification_CenterApp.swift; sourceTree = "<group>"; };
		6E71978F2AB820B300DFB39F /* ContentView.swift */ = {isa = PBXFileReference; lastKnownFileType = sourcecode.swift; path = ContentView.swift; sourceTree = "<group>"; };
		6E7197912AB820B400DFB39F /* Assets.xcassets */ = {isa = PBXFileReference; lastKnownFileType = folder.assetcatalog; path = Assets.xcassets; sourceTree = "<group>"; };
		6E7197942AB820B400DFB39F /* Preview Assets.xcassets */ = {isa = PBXFileReference; lastKnownFileType = folder.assetcatalog; path = "Preview Assets.xcassets"; sourceTree = "<group>"; };
		6E71979B2AB821E600DFB39F /* loginView.swift */ = {isa = PBXFileReference; lastKnownFileType = sourcecode.swift; path = loginView.swift; sourceTree = "<group>"; };
		6E71979D2AB9AA9E00DFB39F /* GoogleService-Info.plist */ = {isa = PBXFileReference; fileEncoding = 4; lastKnownFileType = text.plist.xml; path = "GoogleService-Info.plist"; sourceTree = "<group>"; };
		6E7197B42AB9AD5900DFB39F /* registerView.swift */ = {isa = PBXFileReference; lastKnownFileType = sourcecode.swift; path = registerView.swift; sourceTree = "<group>"; };
		6E92A6EF2ACECA45009C6370 /* NotificationWidgetExtension.appex */ = {isa = PBXFileReference; explicitFileType = "wrapper.app-extension"; includeInIndex = 0; path = NotificationWidgetExtension.appex; sourceTree = BUILT_PRODUCTS_DIR; };
		6E92A6F12ACECA45009C6370 /* WidgetKit.framework */ = {isa = PBXFileReference; lastKnownFileType = wrapper.framework; name = WidgetKit.framework; path = System/Library/Frameworks/WidgetKit.framework; sourceTree = SDKROOT; };
		6E92A6F32ACECA45009C6370 /* SwiftUI.framework */ = {isa = PBXFileReference; lastKnownFileType = wrapper.framework; name = SwiftUI.framework; path = System/Library/Frameworks/SwiftUI.framework; sourceTree = SDKROOT; };
		6E92A6F62ACECA45009C6370 /* NotificationWidgetBundle.swift */ = {isa = PBXFileReference; lastKnownFileType = sourcecode.swift; path = NotificationWidgetBundle.swift; sourceTree = "<group>"; };
		6E92A6F82ACECA45009C6370 /* NotificationWidgetLiveActivity.swift */ = {isa = PBXFileReference; lastKnownFileType = sourcecode.swift; path = NotificationWidgetLiveActivity.swift; sourceTree = "<group>"; };
		6E92A6FA2ACECA45009C6370 /* NotificationWidget.swift */ = {isa = PBXFileReference; lastKnownFileType = sourcecode.swift; path = NotificationWidget.swift; sourceTree = "<group>"; };
		6E92A6FC2ACECA45009C6370 /* NotificationWidget.intentdefinition */ = {isa = PBXFileReference; lastKnownFileType = file.intentdefinition; path = NotificationWidget.intentdefinition; sourceTree = "<group>"; };
		6E92A6FD2ACECA46009C6370 /* Assets.xcassets */ = {isa = PBXFileReference; lastKnownFileType = folder.assetcatalog; path = Assets.xcassets; sourceTree = "<group>"; };
		6E92A6FF2ACECA46009C6370 /* Info.plist */ = {isa = PBXFileReference; lastKnownFileType = text.plist.xml; path = Info.plist; sourceTree = "<group>"; };
		6E92A70B2AD06CDE009C6370 /* ShowReminderView.swift */ = {isa = PBXFileReference; lastKnownFileType = sourcecode.swift; path = ShowReminderView.swift; sourceTree = "<group>"; };
		6E92A70E2AD06E13009C6370 /* LocalSaveReminders.swift */ = {isa = PBXFileReference; lastKnownFileType = sourcecode.swift; path = LocalSaveReminders.swift; sourceTree = "<group>"; };
		6E92A7102AD07C28009C6370 /* AddReminderView.swift */ = {isa = PBXFileReference; lastKnownFileType = sourcecode.swift; path = AddReminderView.swift; sourceTree = "<group>"; };
		6E92A7132AD2B74D009C6370 /* HomeView.swift */ = {isa = PBXFileReference; lastKnownFileType = sourcecode.swift; path = HomeView.swift; sourceTree = "<group>"; };
		6E92A7152AD3E3A4009C6370 /* ShowNotificationView.swift */ = {isa = PBXFileReference; lastKnownFileType = sourcecode.swift; path = ShowNotificationView.swift; sourceTree = "<group>"; };
		6E92A7182AD69025009C6370 /* CircleTimerView.swift */ = {isa = PBXFileReference; lastKnownFileType = sourcecode.swift; path = CircleTimerView.swift; sourceTree = "<group>"; };
		6E92A71A2AD69B85009C6370 /* ChoseNotificationView.swift */ = {isa = PBXFileReference; lastKnownFileType = sourcecode.swift; path = ChoseNotificationView.swift; sourceTree = "<group>"; };
		6E92A71D2ADADE7B009C6370 /* emailTextFieldViewModifier.swift */ = {isa = PBXFileReference; lastKnownFileType = sourcecode.swift; path = emailTextFieldViewModifier.swift; sourceTree = "<group>"; };
		6E92A71F2ADC0F35009C6370 /* customButtonViewModifier.swift */ = {isa = PBXFileReference; lastKnownFileType = sourcecode.swift; path = customButtonViewModifier.swift; sourceTree = "<group>"; };
		6E92A7232ADC7E70009C6370 /* NotificationBasedOnTimeView.swift */ = {isa = PBXFileReference; lastKnownFileType = sourcecode.swift; path = NotificationBasedOnTimeView.swift; sourceTree = "<group>"; };
		6E92A7252ADC7E87009C6370 /* NotificationBasedOnDateView.swift */ = {isa = PBXFileReference; lastKnownFileType = sourcecode.swift; path = NotificationBasedOnDateView.swift; sourceTree = "<group>"; };
		6E92A7272ADC7E9C009C6370 /* NotificationBasedOnLocationView.swift */ = {isa = PBXFileReference; lastKnownFileType = sourcecode.swift; path = NotificationBasedOnLocationView.swift; sourceTree = "<group>"; };
		6E92A7292ADD24E5009C6370 /* NotificationManager.swift */ = {isa = PBXFileReference; lastKnownFileType = sourcecode.swift; path = NotificationManager.swift; sourceTree = "<group>"; };
		6EB4767C2AE430390034007C /* LocalSaveNotifications.swift */ = {isa = PBXFileReference; lastKnownFileType = sourcecode.swift; path = LocalSaveNotifications.swift; sourceTree = "<group>"; };
/* End PBXFileReference section */

/* Begin PBXFrameworksBuildPhase section */
		6E7197872AB820B300DFB39F /* Frameworks */ = {
			isa = PBXFrameworksBuildPhase;
			buildActionMask = 2147483647;
			files = (
				6E7197AF2AB9AB5400DFB39F /* FirebaseMessaging in Frameworks */,
				6E7197A72AB9AB5400DFB39F /* FirebaseDatabaseSwift in Frameworks */,
				6E7197B12AB9AB5400DFB39F /* FirebaseStorage in Frameworks */,
				6E7197AD2AB9AB5400DFB39F /* FirebaseFunctions in Frameworks */,
				6E7197A52AB9AB5400DFB39F /* FirebaseDatabase in Frameworks */,
				6E7197A12AB9AB5400DFB39F /* FirebaseAppCheck in Frameworks */,
				6E7197A92AB9AB5400DFB39F /* FirebaseFirestore in Frameworks */,
				6E7197A32AB9AB5400DFB39F /* FirebaseAuth in Frameworks */,
				6E7197AB2AB9AB5400DFB39F /* FirebaseFirestoreSwift in Frameworks */,
			);
			runOnlyForDeploymentPostprocessing = 0;
		};
		6E92A6EC2ACECA45009C6370 /* Frameworks */ = {
			isa = PBXFrameworksBuildPhase;
			buildActionMask = 2147483647;
			files = (
				6E92A6F42ACECA45009C6370 /* SwiftUI.framework in Frameworks */,
				6E92A6F22ACECA45009C6370 /* WidgetKit.framework in Frameworks */,
			);
			runOnlyForDeploymentPostprocessing = 0;
		};
/* End PBXFrameworksBuildPhase section */

/* Begin PBXGroup section */
		6E5F313B2ABC4821006CA169 /* Notifications */ = {
			isa = PBXGroup;
			children = (
				6EB4767B2AE430000034007C /* DataSave */,
				6E92A7172AD68FFB009C6370 /* Timer */,
				6E5F313D2ABC48DA006CA169 /* Notification.swift */,
				6E5F31392ABC3D61006CA169 /* OldAddNotificationView.swift */,
				6E92A7152AD3E3A4009C6370 /* ShowNotificationView.swift */,
				6E92A71A2AD69B85009C6370 /* ChoseNotificationView.swift */,
				6E92A7292ADD24E5009C6370 /* NotificationManager.swift */,
				6E92A7222ADC7E10009C6370 /* PopoverViews */,
			);
			path = Notifications;
			sourceTree = "<group>";
		};
		6E5F313C2ABC4853006CA169 /* Authentication */ = {
			isa = PBXGroup;
			children = (
				6E7197B42AB9AD5900DFB39F /* registerView.swift */,
				6E71979B2AB821E600DFB39F /* loginView.swift */,
			);
			path = Authentication;
			sourceTree = "<group>";
		};
		6E7197812AB820B300DFB39F = {
			isa = PBXGroup;
			children = (
				6E71978C2AB820B300DFB39F /* Notification Center */,
				6E92A6F52ACECA45009C6370 /* NotificationWidget */,
				6E92A6F02ACECA45009C6370 /* Frameworks */,
				6E71978B2AB820B300DFB39F /* Products */,
			);
			sourceTree = "<group>";
		};
		6E71978B2AB820B300DFB39F /* Products */ = {
			isa = PBXGroup;
			children = (
				6E71978A2AB820B300DFB39F /* Notification Center.app */,
				6E92A6EF2ACECA45009C6370 /* NotificationWidgetExtension.appex */,
			);
			name = Products;
			sourceTree = "<group>";
		};
		6E71978C2AB820B300DFB39F /* Notification Center */ = {
			isa = PBXGroup;
			children = (
				6E92A71C2ADADC11009C6370 /* ViewModifiers */,
				6E92A7122AD2B73A009C6370 /* Home */,
				6E92A7092AD06C82009C6370 /* Reminders */,
				6E5F313C2ABC4853006CA169 /* Authentication */,
				6E5F313B2ABC4821006CA169 /* Notifications */,
				6E71978D2AB820B300DFB39F /* Notification_CenterApp.swift */,
				6E71978F2AB820B300DFB39F /* ContentView.swift */,
				6E7197912AB820B400DFB39F /* Assets.xcassets */,
				6E7197932AB820B400DFB39F /* Preview Content */,
				6E71979D2AB9AA9E00DFB39F /* GoogleService-Info.plist */,
			);
			path = "Notification Center";
			sourceTree = "<group>";
		};
		6E7197932AB820B400DFB39F /* Preview Content */ = {
			isa = PBXGroup;
			children = (
				6E7197942AB820B400DFB39F /* Preview Assets.xcassets */,
			);
			path = "Preview Content";
			sourceTree = "<group>";
		};
		6E92A6F02ACECA45009C6370 /* Frameworks */ = {
			isa = PBXGroup;
			children = (
				6E92A6F12ACECA45009C6370 /* WidgetKit.framework */,
				6E92A6F32ACECA45009C6370 /* SwiftUI.framework */,
			);
			name = Frameworks;
			sourceTree = "<group>";
		};
		6E92A6F52ACECA45009C6370 /* NotificationWidget */ = {
			isa = PBXGroup;
			children = (
				6E92A6F62ACECA45009C6370 /* NotificationWidgetBundle.swift */,
				6E92A6F82ACECA45009C6370 /* NotificationWidgetLiveActivity.swift */,
				6E92A6FA2ACECA45009C6370 /* NotificationWidget.swift */,
				6E92A6FC2ACECA45009C6370 /* NotificationWidget.intentdefinition */,
				6E92A6FD2ACECA46009C6370 /* Assets.xcassets */,
				6E92A6FF2ACECA46009C6370 /* Info.plist */,
			);
			path = NotificationWidget;
			sourceTree = "<group>";
		};
		6E92A7092AD06C82009C6370 /* Reminders */ = {
			isa = PBXGroup;
			children = (
				6E92A70B2AD06CDE009C6370 /* ShowReminderView.swift */,
				6E92A7102AD07C28009C6370 /* AddReminderView.swift */,
				6E92A70D2AD06DEF009C6370 /* DataSave */,
			);
			path = Reminders;
			sourceTree = "<group>";
		};
		6E92A70D2AD06DEF009C6370 /* DataSave */ = {
			isa = PBXGroup;
			children = (
				6E92A70E2AD06E13009C6370 /* LocalSaveReminders.swift */,
			);
			path = DataSave;
			sourceTree = "<group>";
		};
		6E92A7122AD2B73A009C6370 /* Home */ = {
			isa = PBXGroup;
			children = (
				6E92A7132AD2B74D009C6370 /* HomeView.swift */,
			);
			path = Home;
			sourceTree = "<group>";
		};
		6E92A7172AD68FFB009C6370 /* Timer */ = {
			isa = PBXGroup;
			children = (
				6E92A7182AD69025009C6370 /* CircleTimerView.swift */,
			);
			path = Timer;
			sourceTree = "<group>";
		};
		6E92A71C2ADADC11009C6370 /* ViewModifiers */ = {
			isa = PBXGroup;
			children = (
				6E92A71D2ADADE7B009C6370 /* emailTextFieldViewModifier.swift */,
				6E92A71F2ADC0F35009C6370 /* customButtonViewModifier.swift */,
			);
			path = ViewModifiers;
			sourceTree = "<group>";
		};
		6E92A7222ADC7E10009C6370 /* PopoverViews */ = {
			isa = PBXGroup;
			children = (
				6E92A7232ADC7E70009C6370 /* NotificationBasedOnTimeView.swift */,
				6E92A7252ADC7E87009C6370 /* NotificationBasedOnDateView.swift */,
				6E92A7272ADC7E9C009C6370 /* NotificationBasedOnLocationView.swift */,
			);
			path = PopoverViews;
			sourceTree = "<group>";
		};
		6EB4767B2AE430000034007C /* DataSave */ = {
			isa = PBXGroup;
			children = (
				6EB4767C2AE430390034007C /* LocalSaveNotifications.swift */,
			);
			path = DataSave;
			sourceTree = "<group>";
		};
/* End PBXGroup section */

/* Begin PBXNativeTarget section */
		6E7197892AB820B300DFB39F /* Notification Center */ = {
			isa = PBXNativeTarget;
			buildConfigurationList = 6E7197982AB820B400DFB39F /* Build configuration list for PBXNativeTarget "Notification Center" */;
			buildPhases = (
				6E7197862AB820B300DFB39F /* Sources */,
				6E7197872AB820B300DFB39F /* Frameworks */,
				6E7197882AB820B300DFB39F /* Resources */,
				6E92A7082ACECA46009C6370 /* Embed Foundation Extensions */,
			);
			buildRules = (
			);
			dependencies = (
				6E92A7032ACECA46009C6370 /* PBXTargetDependency */,
			);
			name = "Notification Center";
			packageProductDependencies = (
				6E7197A02AB9AB5400DFB39F /* FirebaseAppCheck */,
				6E7197A22AB9AB5400DFB39F /* FirebaseAuth */,
				6E7197A42AB9AB5400DFB39F /* FirebaseDatabase */,
				6E7197A62AB9AB5400DFB39F /* FirebaseDatabaseSwift */,
				6E7197A82AB9AB5400DFB39F /* FirebaseFirestore */,
				6E7197AA2AB9AB5400DFB39F /* FirebaseFirestoreSwift */,
				6E7197AC2AB9AB5400DFB39F /* FirebaseFunctions */,
				6E7197AE2AB9AB5400DFB39F /* FirebaseMessaging */,
				6E7197B02AB9AB5400DFB39F /* FirebaseStorage */,
			);
			productName = "Notification Center";
			productReference = 6E71978A2AB820B300DFB39F /* Notification Center.app */;
			productType = "com.apple.product-type.application";
		};
		6E92A6EE2ACECA45009C6370 /* NotificationWidgetExtension */ = {
			isa = PBXNativeTarget;
			buildConfigurationList = 6E92A7052ACECA46009C6370 /* Build configuration list for PBXNativeTarget "NotificationWidgetExtension" */;
			buildPhases = (
				6E92A6EB2ACECA45009C6370 /* Sources */,
				6E92A6EC2ACECA45009C6370 /* Frameworks */,
				6E92A6ED2ACECA45009C6370 /* Resources */,
			);
			buildRules = (
			);
			dependencies = (
			);
			name = NotificationWidgetExtension;
			productName = NotificationWidgetExtension;
			productReference = 6E92A6EF2ACECA45009C6370 /* NotificationWidgetExtension.appex */;
			productType = "com.apple.product-type.app-extension";
		};
/* End PBXNativeTarget section */

/* Begin PBXProject section */
		6E7197822AB820B300DFB39F /* Project object */ = {
			isa = PBXProject;
			attributes = {
				BuildIndependentTargetsInParallel = 1;
				LastSwiftUpdateCheck = 1420;
				LastUpgradeCheck = 1420;
				TargetAttributes = {
					6E7197892AB820B300DFB39F = {
						CreatedOnToolsVersion = 14.2;
					};
					6E92A6EE2ACECA45009C6370 = {
						CreatedOnToolsVersion = 14.2;
					};
				};
			};
			buildConfigurationList = 6E7197852AB820B300DFB39F /* Build configuration list for PBXProject "Notification Center" */;
			compatibilityVersion = "Xcode 14.0";
			developmentRegion = en;
			hasScannedForEncodings = 0;
			knownRegions = (
				en,
				Base,
			);
			mainGroup = 6E7197812AB820B300DFB39F;
			packageReferences = (
				6E71979F2AB9AB5400DFB39F /* XCRemoteSwiftPackageReference "firebase-ios-sdk" */,
			);
			productRefGroup = 6E71978B2AB820B300DFB39F /* Products */;
			projectDirPath = "";
			projectRoot = "";
			targets = (
				6E7197892AB820B300DFB39F /* Notification Center */,
				6E92A6EE2ACECA45009C6370 /* NotificationWidgetExtension */,
			);
		};
/* End PBXProject section */

/* Begin PBXResourcesBuildPhase section */
		6E7197882AB820B300DFB39F /* Resources */ = {
			isa = PBXResourcesBuildPhase;
			buildActionMask = 2147483647;
			files = (
				6E7197952AB820B400DFB39F /* Preview Assets.xcassets in Resources */,
				6E7197922AB820B400DFB39F /* Assets.xcassets in Resources */,
				6E71979E2AB9AA9E00DFB39F /* GoogleService-Info.plist in Resources */,
			);
			runOnlyForDeploymentPostprocessing = 0;
		};
		6E92A6ED2ACECA45009C6370 /* Resources */ = {
			isa = PBXResourcesBuildPhase;
			buildActionMask = 2147483647;
			files = (
				6E92A6FE2ACECA46009C6370 /* Assets.xcassets in Resources */,
			);
			runOnlyForDeploymentPostprocessing = 0;
		};
/* End PBXResourcesBuildPhase section */

/* Begin PBXSourcesBuildPhase section */
		6E7197862AB820B300DFB39F /* Sources */ = {
			isa = PBXSourcesBuildPhase;
			buildActionMask = 2147483647;
			files = (
				6EB4767D2AE430390034007C /* LocalSaveNotifications.swift in Sources */,
				6E7197902AB820B300DFB39F /* ContentView.swift in Sources */,
				6E7197B52AB9AD5900DFB39F /* registerView.swift in Sources */,
				6E92A72A2ADD24E5009C6370 /* NotificationManager.swift in Sources */,
				6E92A70C2AD06CDE009C6370 /* ShowReminderView.swift in Sources */,
				6E5F313E2ABC48DA006CA169 /* Notification.swift in Sources */,
				6E92A7282ADC7E9C009C6370 /* NotificationBasedOnLocationView.swift in Sources */,
				6E92A7162AD3E3A4009C6370 /* ShowNotificationView.swift in Sources */,
				6E92A7242ADC7E70009C6370 /* NotificationBasedOnTimeView.swift in Sources */,
				6E92A71E2ADADE7B009C6370 /* emailTextFieldViewModifier.swift in Sources */,
				6E71979C2AB821E600DFB39F /* loginView.swift in Sources */,
				6E92A7142AD2B74D009C6370 /* HomeView.swift in Sources */,
				6E92A71B2AD69B85009C6370 /* ChoseNotificationView.swift in Sources */,
				6E71978E2AB820B300DFB39F /* Notification_CenterApp.swift in Sources */,
				6E92A7202ADC0F35009C6370 /* customButtonViewModifier.swift in Sources */,
				6E92A70F2AD06E13009C6370 /* LocalSaveReminders.swift in Sources */,
				6E5F313A2ABC3D61006CA169 /* OldAddNotificationView.swift in Sources */,
				6E92A7112AD07C28009C6370 /* AddReminderView.swift in Sources */,
				6E92A7192AD69025009C6370 /* CircleTimerView.swift in Sources */,
				6E92A7012ACECA46009C6370 /* NotificationWidget.intentdefinition in Sources */,
				6E92A7262ADC7E87009C6370 /* NotificationBasedOnDateView.swift in Sources */,
			);
			runOnlyForDeploymentPostprocessing = 0;
		};
		6E92A6EB2ACECA45009C6370 /* Sources */ = {
			isa = PBXSourcesBuildPhase;
			buildActionMask = 2147483647;
			files = (
				6E92A6F72ACECA45009C6370 /* NotificationWidgetBundle.swift in Sources */,
				6E92A6F92ACECA45009C6370 /* NotificationWidgetLiveActivity.swift in Sources */,
				6E92A6FB2ACECA45009C6370 /* NotificationWidget.swift in Sources */,
				6E92A7002ACECA46009C6370 /* NotificationWidget.intentdefinition in Sources */,
			);
			runOnlyForDeploymentPostprocessing = 0;
		};
/* End PBXSourcesBuildPhase section */

/* Begin PBXTargetDependency section */
		6E92A7032ACECA46009C6370 /* PBXTargetDependency */ = {
			isa = PBXTargetDependency;
			target = 6E92A6EE2ACECA45009C6370 /* NotificationWidgetExtension */;
			targetProxy = 6E92A7022ACECA46009C6370 /* PBXContainerItemProxy */;
		};
/* End PBXTargetDependency section */

/* Begin XCBuildConfiguration section */
		6E7197962AB820B400DFB39F /* Debug */ = {
			isa = XCBuildConfiguration;
			buildSettings = {
				ALWAYS_SEARCH_USER_PATHS = NO;
				CLANG_ANALYZER_NONNULL = YES;
				CLANG_ANALYZER_NUMBER_OBJECT_CONVERSION = YES_AGGRESSIVE;
				CLANG_CXX_LANGUAGE_STANDARD = "gnu++20";
				CLANG_ENABLE_MODULES = YES;
				CLANG_ENABLE_OBJC_ARC = YES;
				CLANG_ENABLE_OBJC_WEAK = YES;
				CLANG_WARN_BLOCK_CAPTURE_AUTORELEASING = YES;
				CLANG_WARN_BOOL_CONVERSION = YES;
				CLANG_WARN_COMMA = YES;
				CLANG_WARN_CONSTANT_CONVERSION = YES;
				CLANG_WARN_DEPRECATED_OBJC_IMPLEMENTATIONS = YES;
				CLANG_WARN_DIRECT_OBJC_ISA_USAGE = YES_ERROR;
				CLANG_WARN_DOCUMENTATION_COMMENTS = YES;
				CLANG_WARN_EMPTY_BODY = YES;
				CLANG_WARN_ENUM_CONVERSION = YES;
				CLANG_WARN_INFINITE_RECURSION = YES;
				CLANG_WARN_INT_CONVERSION = YES;
				CLANG_WARN_NON_LITERAL_NULL_CONVERSION = YES;
				CLANG_WARN_OBJC_IMPLICIT_RETAIN_SELF = YES;
				CLANG_WARN_OBJC_LITERAL_CONVERSION = YES;
				CLANG_WARN_OBJC_ROOT_CLASS = YES_ERROR;
				CLANG_WARN_QUOTED_INCLUDE_IN_FRAMEWORK_HEADER = YES;
				CLANG_WARN_RANGE_LOOP_ANALYSIS = YES;
				CLANG_WARN_STRICT_PROTOTYPES = YES;
				CLANG_WARN_SUSPICIOUS_MOVE = YES;
				CLANG_WARN_UNGUARDED_AVAILABILITY = YES_AGGRESSIVE;
				CLANG_WARN_UNREACHABLE_CODE = YES;
				CLANG_WARN__DUPLICATE_METHOD_MATCH = YES;
				COPY_PHASE_STRIP = NO;
				DEBUG_INFORMATION_FORMAT = dwarf;
				ENABLE_STRICT_OBJC_MSGSEND = YES;
				ENABLE_TESTABILITY = YES;
				GCC_C_LANGUAGE_STANDARD = gnu11;
				GCC_DYNAMIC_NO_PIC = NO;
				GCC_NO_COMMON_BLOCKS = YES;
				GCC_OPTIMIZATION_LEVEL = 0;
				GCC_PREPROCESSOR_DEFINITIONS = (
					"DEBUG=1",
					"$(inherited)",
				);
				GCC_WARN_64_TO_32_BIT_CONVERSION = YES;
				GCC_WARN_ABOUT_RETURN_TYPE = YES_ERROR;
				GCC_WARN_UNDECLARED_SELECTOR = YES;
				GCC_WARN_UNINITIALIZED_AUTOS = YES_AGGRESSIVE;
				GCC_WARN_UNUSED_FUNCTION = YES;
				GCC_WARN_UNUSED_VARIABLE = YES;
				IPHONEOS_DEPLOYMENT_TARGET = 16.2;
				MTL_ENABLE_DEBUG_INFO = INCLUDE_SOURCE;
				MTL_FAST_MATH = YES;
				ONLY_ACTIVE_ARCH = YES;
				SDKROOT = iphoneos;
				SWIFT_ACTIVE_COMPILATION_CONDITIONS = DEBUG;
				SWIFT_OPTIMIZATION_LEVEL = "-Onone";
			};
			name = Debug;
		};
		6E7197972AB820B400DFB39F /* Release */ = {
			isa = XCBuildConfiguration;
			buildSettings = {
				ALWAYS_SEARCH_USER_PATHS = NO;
				CLANG_ANALYZER_NONNULL = YES;
				CLANG_ANALYZER_NUMBER_OBJECT_CONVERSION = YES_AGGRESSIVE;
				CLANG_CXX_LANGUAGE_STANDARD = "gnu++20";
				CLANG_ENABLE_MODULES = YES;
				CLANG_ENABLE_OBJC_ARC = YES;
				CLANG_ENABLE_OBJC_WEAK = YES;
				CLANG_WARN_BLOCK_CAPTURE_AUTORELEASING = YES;
				CLANG_WARN_BOOL_CONVERSION = YES;
				CLANG_WARN_COMMA = YES;
				CLANG_WARN_CONSTANT_CONVERSION = YES;
				CLANG_WARN_DEPRECATED_OBJC_IMPLEMENTATIONS = YES;
				CLANG_WARN_DIRECT_OBJC_ISA_USAGE = YES_ERROR;
				CLANG_WARN_DOCUMENTATION_COMMENTS = YES;
				CLANG_WARN_EMPTY_BODY = YES;
				CLANG_WARN_ENUM_CONVERSION = YES;
				CLANG_WARN_INFINITE_RECURSION = YES;
				CLANG_WARN_INT_CONVERSION = YES;
				CLANG_WARN_NON_LITERAL_NULL_CONVERSION = YES;
				CLANG_WARN_OBJC_IMPLICIT_RETAIN_SELF = YES;
				CLANG_WARN_OBJC_LITERAL_CONVERSION = YES;
				CLANG_WARN_OBJC_ROOT_CLASS = YES_ERROR;
				CLANG_WARN_QUOTED_INCLUDE_IN_FRAMEWORK_HEADER = YES;
				CLANG_WARN_RANGE_LOOP_ANALYSIS = YES;
				CLANG_WARN_STRICT_PROTOTYPES = YES;
				CLANG_WARN_SUSPICIOUS_MOVE = YES;
				CLANG_WARN_UNGUARDED_AVAILABILITY = YES_AGGRESSIVE;
				CLANG_WARN_UNREACHABLE_CODE = YES;
				CLANG_WARN__DUPLICATE_METHOD_MATCH = YES;
				COPY_PHASE_STRIP = NO;
				DEBUG_INFORMATION_FORMAT = "dwarf-with-dsym";
				ENABLE_NS_ASSERTIONS = NO;
				ENABLE_STRICT_OBJC_MSGSEND = YES;
				GCC_C_LANGUAGE_STANDARD = gnu11;
				GCC_NO_COMMON_BLOCKS = YES;
				GCC_WARN_64_TO_32_BIT_CONVERSION = YES;
				GCC_WARN_ABOUT_RETURN_TYPE = YES_ERROR;
				GCC_WARN_UNDECLARED_SELECTOR = YES;
				GCC_WARN_UNINITIALIZED_AUTOS = YES_AGGRESSIVE;
				GCC_WARN_UNUSED_FUNCTION = YES;
				GCC_WARN_UNUSED_VARIABLE = YES;
				IPHONEOS_DEPLOYMENT_TARGET = 16.2;
				MTL_ENABLE_DEBUG_INFO = NO;
				MTL_FAST_MATH = YES;
				SDKROOT = iphoneos;
				SWIFT_COMPILATION_MODE = wholemodule;
				SWIFT_OPTIMIZATION_LEVEL = "-O";
				VALIDATE_PRODUCT = YES;
			};
			name = Release;
		};
		6E7197992AB820B400DFB39F /* Debug */ = {
			isa = XCBuildConfiguration;
			buildSettings = {
				ALWAYS_EMBED_SWIFT_STANDARD_LIBRARIES = YES;
				ASSETCATALOG_COMPILER_APPICON_NAME = AppIcon;
				ASSETCATALOG_COMPILER_GLOBAL_ACCENT_COLOR_NAME = AccentColor;
				CODE_SIGN_STYLE = Automatic;
				CURRENT_PROJECT_VERSION = 1;
				DEVELOPMENT_ASSET_PATHS = "\"Notification Center/Preview Content\"";
				DEVELOPMENT_TEAM = 2WZ26AB7C3;
				ENABLE_PREVIEWS = YES;
				GENERATE_INFOPLIST_FILE = YES;
				INFOPLIST_KEY_UIApplicationSceneManifest_Generation = YES;
				INFOPLIST_KEY_UIApplicationSupportsIndirectInputEvents = YES;
				INFOPLIST_KEY_UILaunchScreen_Generation = YES;
				INFOPLIST_KEY_UISupportedInterfaceOrientations_iPad = "UIInterfaceOrientationPortrait UIInterfaceOrientationPortraitUpsideDown UIInterfaceOrientationLandscapeLeft UIInterfaceOrientationLandscapeRight";
				INFOPLIST_KEY_UISupportedInterfaceOrientations_iPhone = "UIInterfaceOrientationPortrait UIInterfaceOrientationLandscapeLeft UIInterfaceOrientationLandscapeRight";
				LD_RUNPATH_SEARCH_PATHS = (
					"$(inherited)",
					"@executable_path/Frameworks",
				);
				MARKETING_VERSION = 1.0;
				PRODUCT_BUNDLE_IDENTIFIER = "com.a.Notification-Center";
				PRODUCT_NAME = "$(TARGET_NAME)";
				SWIFT_EMIT_LOC_STRINGS = YES;
				SWIFT_VERSION = 5.0;
				TARGETED_DEVICE_FAMILY = "1,2";
			};
			name = Debug;
		};
		6E71979A2AB820B400DFB39F /* Release */ = {
			isa = XCBuildConfiguration;
			buildSettings = {
				ALWAYS_EMBED_SWIFT_STANDARD_LIBRARIES = YES;
				ASSETCATALOG_COMPILER_APPICON_NAME = AppIcon;
				ASSETCATALOG_COMPILER_GLOBAL_ACCENT_COLOR_NAME = AccentColor;
				CODE_SIGN_STYLE = Automatic;
				CURRENT_PROJECT_VERSION = 1;
				DEVELOPMENT_ASSET_PATHS = "\"Notification Center/Preview Content\"";
				DEVELOPMENT_TEAM = 2WZ26AB7C3;
				ENABLE_PREVIEWS = YES;
				GENERATE_INFOPLIST_FILE = YES;
				INFOPLIST_KEY_UIApplicationSceneManifest_Generation = YES;
				INFOPLIST_KEY_UIApplicationSupportsIndirectInputEvents = YES;
				INFOPLIST_KEY_UILaunchScreen_Generation = YES;
				INFOPLIST_KEY_UISupportedInterfaceOrientations_iPad = "UIInterfaceOrientationPortrait UIInterfaceOrientationPortraitUpsideDown UIInterfaceOrientationLandscapeLeft UIInterfaceOrientationLandscapeRight";
				INFOPLIST_KEY_UISupportedInterfaceOrientations_iPhone = "UIInterfaceOrientationPortrait UIInterfaceOrientationLandscapeLeft UIInterfaceOrientationLandscapeRight";
				LD_RUNPATH_SEARCH_PATHS = (
					"$(inherited)",
					"@executable_path/Frameworks",
				);
				MARKETING_VERSION = 1.0;
				PRODUCT_BUNDLE_IDENTIFIER = "com.a.Notification-Center";
				PRODUCT_NAME = "$(TARGET_NAME)";
				SWIFT_EMIT_LOC_STRINGS = YES;
				SWIFT_VERSION = 5.0;
				TARGETED_DEVICE_FAMILY = "1,2";
			};
			name = Release;
		};
		6E92A7062ACECA46009C6370 /* Debug */ = {
			isa = XCBuildConfiguration;
			buildSettings = {
				ASSETCATALOG_COMPILER_GLOBAL_ACCENT_COLOR_NAME = AccentColor;
				ASSETCATALOG_COMPILER_WIDGET_BACKGROUND_COLOR_NAME = WidgetBackground;
				CODE_SIGN_STYLE = Automatic;
				CURRENT_PROJECT_VERSION = 1;
				DEVELOPMENT_TEAM = 2WZ26AB7C3;
				GENERATE_INFOPLIST_FILE = YES;
				INFOPLIST_FILE = NotificationWidget/Info.plist;
				INFOPLIST_KEY_CFBundleDisplayName = NotificationWidget;
				INFOPLIST_KEY_NSHumanReadableCopyright = "";
				LD_RUNPATH_SEARCH_PATHS = (
					"$(inherited)",
					"@executable_path/Frameworks",
					"@executable_path/../../Frameworks",
				);
				MARKETING_VERSION = 1.0;
				PRODUCT_BUNDLE_IDENTIFIER = "com.a.Notification-Center.NotificationWidget";
				PRODUCT_NAME = "$(TARGET_NAME)";
				SKIP_INSTALL = YES;
				SWIFT_EMIT_LOC_STRINGS = YES;
				SWIFT_VERSION = 5.0;
				TARGETED_DEVICE_FAMILY = "1,2";
			};
			name = Debug;
		};
		6E92A7072ACECA46009C6370 /* Release */ = {
			isa = XCBuildConfiguration;
			buildSettings = {
				ASSETCATALOG_COMPILER_GLOBAL_ACCENT_COLOR_NAME = AccentColor;
				ASSETCATALOG_COMPILER_WIDGET_BACKGROUND_COLOR_NAME = WidgetBackground;
				CODE_SIGN_STYLE = Automatic;
				CURRENT_PROJECT_VERSION = 1;
				DEVELOPMENT_TEAM = 2WZ26AB7C3;
				GENERATE_INFOPLIST_FILE = YES;
				INFOPLIST_FILE = NotificationWidget/Info.plist;
				INFOPLIST_KEY_CFBundleDisplayName = NotificationWidget;
				INFOPLIST_KEY_NSHumanReadableCopyright = "";
				LD_RUNPATH_SEARCH_PATHS = (
					"$(inherited)",
					"@executable_path/Frameworks",
					"@executable_path/../../Frameworks",
				);
				MARKETING_VERSION = 1.0;
				PRODUCT_BUNDLE_IDENTIFIER = "com.a.Notification-Center.NotificationWidget";
				PRODUCT_NAME = "$(TARGET_NAME)";
				SKIP_INSTALL = YES;
				SWIFT_EMIT_LOC_STRINGS = YES;
				SWIFT_VERSION = 5.0;
				TARGETED_DEVICE_FAMILY = "1,2";
			};
			name = Release;
		};
/* End XCBuildConfiguration section */

/* Begin XCConfigurationList section */
		6E7197852AB820B300DFB39F /* Build configuration list for PBXProject "Notification Center" */ = {
			isa = XCConfigurationList;
			buildConfigurations = (
				6E7197962AB820B400DFB39F /* Debug */,
				6E7197972AB820B400DFB39F /* Release */,
			);
			defaultConfigurationIsVisible = 0;
			defaultConfigurationName = Release;
		};
		6E7197982AB820B400DFB39F /* Build configuration list for PBXNativeTarget "Notification Center" */ = {
			isa = XCConfigurationList;
			buildConfigurations = (
				6E7197992AB820B400DFB39F /* Debug */,
				6E71979A2AB820B400DFB39F /* Release */,
			);
			defaultConfigurationIsVisible = 0;
			defaultConfigurationName = Release;
		};
		6E92A7052ACECA46009C6370 /* Build configuration list for PBXNativeTarget "NotificationWidgetExtension" */ = {
			isa = XCConfigurationList;
			buildConfigurations = (
				6E92A7062ACECA46009C6370 /* Debug */,
				6E92A7072ACECA46009C6370 /* Release */,
			);
			defaultConfigurationIsVisible = 0;
			defaultConfigurationName = Release;
		};
/* End XCConfigurationList section */

/* Begin XCRemoteSwiftPackageReference section */
		6E71979F2AB9AB5400DFB39F /* XCRemoteSwiftPackageReference "firebase-ios-sdk" */ = {
			isa = XCRemoteSwiftPackageReference;
			repositoryURL = "https://github.com/firebase/firebase-ios-sdk";
			requirement = {
				branch = master;
				kind = branch;
			};
		};
/* End XCRemoteSwiftPackageReference section */

/* Begin XCSwiftPackageProductDependency section */
		6E7197A02AB9AB5400DFB39F /* FirebaseAppCheck */ = {
			isa = XCSwiftPackageProductDependency;
			package = 6E71979F2AB9AB5400DFB39F /* XCRemoteSwiftPackageReference "firebase-ios-sdk" */;
			productName = FirebaseAppCheck;
		};
		6E7197A22AB9AB5400DFB39F /* FirebaseAuth */ = {
			isa = XCSwiftPackageProductDependency;
			package = 6E71979F2AB9AB5400DFB39F /* XCRemoteSwiftPackageReference "firebase-ios-sdk" */;
			productName = FirebaseAuth;
		};
		6E7197A42AB9AB5400DFB39F /* FirebaseDatabase */ = {
			isa = XCSwiftPackageProductDependency;
			package = 6E71979F2AB9AB5400DFB39F /* XCRemoteSwiftPackageReference "firebase-ios-sdk" */;
			productName = FirebaseDatabase;
		};
		6E7197A62AB9AB5400DFB39F /* FirebaseDatabaseSwift */ = {
			isa = XCSwiftPackageProductDependency;
			package = 6E71979F2AB9AB5400DFB39F /* XCRemoteSwiftPackageReference "firebase-ios-sdk" */;
			productName = FirebaseDatabaseSwift;
		};
		6E7197A82AB9AB5400DFB39F /* FirebaseFirestore */ = {
			isa = XCSwiftPackageProductDependency;
			package = 6E71979F2AB9AB5400DFB39F /* XCRemoteSwiftPackageReference "firebase-ios-sdk" */;
			productName = FirebaseFirestore;
		};
		6E7197AA2AB9AB5400DFB39F /* FirebaseFirestoreSwift */ = {
			isa = XCSwiftPackageProductDependency;
			package = 6E71979F2AB9AB5400DFB39F /* XCRemoteSwiftPackageReference "firebase-ios-sdk" */;
			productName = FirebaseFirestoreSwift;
		};
		6E7197AC2AB9AB5400DFB39F /* FirebaseFunctions */ = {
			isa = XCSwiftPackageProductDependency;
			package = 6E71979F2AB9AB5400DFB39F /* XCRemoteSwiftPackageReference "firebase-ios-sdk" */;
			productName = FirebaseFunctions;
		};
		6E7197AE2AB9AB5400DFB39F /* FirebaseMessaging */ = {
			isa = XCSwiftPackageProductDependency;
			package = 6E71979F2AB9AB5400DFB39F /* XCRemoteSwiftPackageReference "firebase-ios-sdk" */;
			productName = FirebaseMessaging;
		};
		6E7197B02AB9AB5400DFB39F /* FirebaseStorage */ = {
			isa = XCSwiftPackageProductDependency;
			package = 6E71979F2AB9AB5400DFB39F /* XCRemoteSwiftPackageReference "firebase-ios-sdk" */;
			productName = FirebaseStorage;
		};
/* End XCSwiftPackageProductDependency section */
	};
	rootObject = 6E7197822AB820B300DFB39F /* Project object */;
}
